{
  "originHash" : "457ca0d00d1dbaee3b2425659707d6d8ceb9a407dd7384d58254c21d18130c3c",
  "pins" : [
    {
      "identity" : "onnxruntime-libs",
      "kind" : "remoteSourceControl",
      "location" : "https://github.com/csukuangfj/onnxruntime-libs",
      "state" : {
        "revision" : "1fbef5f2a1b5c2691fe9411243f3a8afe9a0b169",
        "version" : "1.27.1"
      }
    },
    {
      "identity" : "sherpa-onnx",
      "kind" : "remoteSourceControl",
      "location" : "https://github.com/k2-fsa/sherpa-onnx.git",
      "state" : {
        "revision" : "1cb484af5e69d3c7803c1eb0b3b5ab8041e0e911",
        "version" : "1.13.6"
      }
    }
  ],
  "version" : 3
}
